
Microsoft Visual Studio Solution File, Format Version 12.00
# Visual Studio 15
VisualStudioVersion = 15.0.27130.2026
MinimumVisualStudioVersion = 10.0.40219.1
Project("{FAE04EC0-301F-11D3-BF4B-00C04F79EFBC}") = "Perceptron", "Perceptron\Perceptron.csproj", "{F3C65173-1926-4A0B-9322-F2CD0B9DADF9}"
EndProject
Global
	GlobalSection(SolutionConfigurationPlatforms) = preSolution
		Debug|Any CPU = Debug|Any CPU
		Release|Any CPU = Release|Any CPU
	EndGlobalSection
	GlobalSection(ProjectConfigurationPlatforms) = postSolution
		{F3C65173-1926-4A0B-9322-F2CD0B9DADF9}.Debug|Any CPU.ActiveCfg = Debug|Any CPU
		{F3C65173-1926-4A0B-9322-F2CD0B9DADF9}.Debug|Any CPU.Build.0 = Debug|Any CPU
		{F3C65173-1926-4A0B-9322-F2CD0B9DADF9}.Release|Any CPU.ActiveCfg = Release|Any CPU
		{F3C65173-1926-4A0B-9322-F2CD0B9DADF9}.Release|Any CPU.Build.0 = Release|Any CPU
	EndGlobalSection
	GlobalSection(SolutionProperties) = preSolution
		HideSolutionNode = FALSE
	EndGlobalSection
	GlobalSection(ExtensibilityGlobals) = postSolution
		SolutionGuid = {00BA9375-556E-4555-8AB0-065FD4B96285}
	EndGlobalSection
EndGlobal
